
Microsoft Visual Studio Solution File, Format Version 12.00
Project("{FAE04EC0-301F-11D3-BF4B-00C04F79EFBC}") = "ChecklistExercise", "ChecklistExercise\ChecklistExercise.csproj", "{1608548A-744A-4996-B1FC-0E02BB744475}"
EndProject
Global
	GlobalSection(SolutionConfigurationPlatforms) = preSolution
		Debug|Any CPU = Debug|Any CPU
		Release|Any CPU = Release|Any CPU
	EndGlobalSection
	GlobalSection(ProjectConfigurationPlatforms) = postSolution
		{1608548A-744A-4996-B1FC-0E02BB744475}.Debug|Any CPU.ActiveCfg = Debug|Any CPU
		{1608548A-744A-4996-B1FC-0E02BB744475}.Debug|Any CPU.Build.0 = Debug|Any CPU
		{1608548A-744A-4996-B1FC-0E02BB744475}.Release|Any CPU.ActiveCfg = Release|Any CPU
		{1608548A-744A-4996-B1FC-0E02BB744475}.Release|Any CPU.Build.0 = Release|Any CPU
	EndGlobalSection
EndGlobal
